{
  "version": 4,
  "terraform_version": "1.4.5",
  "serial": 41,
  "lineage": "4d10b2b5-384e-5de9-73c0-8ccef08a21bf",
  "outputs": {},
  "resources": [
    {
      "mode": "data",
      "type": "local_file",
      "name": "folder_contents",
      "provider": "provider[\"registry.terraform.io/hashicorp/local\"]",
      "instances": [
        {
          "schema_version": 0,
          "attributes": {
            "content": "\ufffd\u0003cnumpy.core.multiarray\n_reconstruct\nq\u0000cnumpy\nndarray\nq\u0001K\u0000\ufffdq\u0002C\u0001bq\u0003\ufffdq\u0004Rq\u0005(K\u0001K\u0018K\n\ufffdq\u0006cnumpy\ndtype\nq\u0007X\u0002\u0000\u0000\u0000f4q\u0008K\u0000K\u0001\ufffdq\tRq\n(K\u0003X\u0001\u0000\u0000\u0000\u003cq\u000bNNNJ\ufffd\ufffd\ufffd\ufffdJ\ufffd\ufffd\ufffd\ufffdK\u0000tq\u000cb\ufffdB\ufffd\u0003\u0000\u0000\ufffd2SD\ufffd\ufffdnD\ufffd\ufffdsD\ufffd\ufffd\ufffdD.\ufffd\u0004E\ufffd\ufffd\u0013E@\ufffd\u0018Eh\ufffd\"E\ufffd\ufffd\ufffdDQ}\ufffdDm\ufffdXD3\u0008tDQ\"yD\ufffd \ufffdD\ufffd\ufffd\u0005E\ufffd\ufffd\u0014E\u0014\ufffd\u0019E\ufffd\ufffd#E\ufffd\u000e\ufffdD!ӑD\ufffd\u001b]D\ufffd\ufffd}D\u000c\ufffd\ufffdDa\ufffd\ufffdD\u000b\\\u000bE\ufffdu\u001bE5, E\ufffd)E\ufffdy\ufffdD\t\ufffd\ufffdD\ufffd$\rDc\ufffd@D\ufffd\ufffd9D⬓D\u0011E\u001d\ufffd'Ep\ufffd-E\u0003\ufffd7EJ\ufffd\u0007E\ufffd*\ufffdD\ufffd\ufffd\ufffdC\ufffd\ufffd\u001dD\ufffd\ufffd\u0001D\ufffdy\ufffdDU\u0026(EK\ufffdIEp\u001aPE\ufffd\ufffdYE\ufffd\ufffd\ufffdD\u0006/\ufffdD\ufffd\ufffd\ufffdC\ufffdnBD\ufffd\ufffd/D'\ufffd\ufffdD\ufffd\ufffd7E}\ufffd\\E\u0015\ufffdfE3ZpE\u0006K\tE:\ufffd\ufffdDh\ufffd\ufffdC\ufffd\u0004\u003cD\ufffdW%D;\ufffd\ufffdD\u001fJ8Ea\ufffd]E\ufffd\ufffdfE\u0016\ufffdqE\u0007\ufffd\u0006E\ufffd\u001f\ufffdD\ufffd\ufffd\ufffdC\ufffd\ufffd:D\ufffd\ufffd!D\ufffd\ufffd\ufffdD\ufffd\ufffd9E\ufffdW_E\ufffd\ufffdgEM6tEf\ufffd\u0008E\ufffd\u003c\ufffdD\u001e\ufffd\ufffdC\ufffd};Dӳ(D\ufffdQ\ufffdDR\u00125E\ufffd?YE\ufffd\ufffdaEGqoE\ufffd\ufffd\u000fE\ufffdܟD\ufffdL\u0000D\u0004oDD\ufffd3BD\ufffd\n\ufffdDΤ+E\ufffdyME\ufffdhVE\u00119eE\ufffd'\u0019E\ufffd\ufffd\ufffdD.\u0018\ufffdC\ufffd\u000b@DĨ\u003eD\ufffd՘DA\ufffd\u0026EXgHE\u0026\\QE\ufffd_Ex\ufffd\u0019E\ufffdc\ufffdDv\ufffd\ufffdCF\ufffd=D\ufffd\ufffd\u003cD\ufffd\u0019\ufffdDxr$E\ufffd\ufffdEE\u000f\ufffdNE$\ufffd\\E\ufffd\u0014\u001aEӦ\ufffdD\ufffdL\ufffdCpb6D\ufffd\ufffd5D\ufffd\ufffd\ufffdD\u0016\ufffd\"EDFDE\ufffd2ME\ufffd\ufffdZE\ufffdY\u0019E\ufffd\ufffd\ufffdDH\ufffd\ufffdC3\ufffd;D5-\u003cD\ufffd\ufffd\ufffdD\u00045!EmmBE\u0005/KE\ufffd\ufffdXE\ufffd\ufffd\u0019E58\ufffdD\ufffdi\ufffdC\ufffd4:D\ufffdf;D{\ufffd\ufffdD$R ET AE޼IEz~WE\ufffd\u0006\u001bE}\ufffd\ufffdD%V\ufffdC\ufffdL7DF::D\ufffd\ufffd\ufffdD\ufffd \u001eE\ufffd=EIbFEښSE\ufffd\ufffd\u001fE\u0005\ufffd\ufffdD -\ufffdC\ufffd_6DS\r9DY͓D\ufffdo\u0019E!{5EF\u000e=EƤIE\ufffd\ufffd\u001dEg\ufffd\ufffdD63\ufffdC\u000f\ufffd5D\ufffd\ufffd;DgڏD\ufffd-\u0011Ez\ufffd+Eܸ3E\u0005\ufffdAE_\ufffd\u001eE\u0006\ufffd\ufffdD0[\ufffdCf7/DN\ufffd-DtƋD|\ufffd\u0011E\ufffd1+E\ufffdl3E\ufffdL@Ez\ufffd\u0015E\ufffd\ufffd\ufffdDT\ufffd\ufffdC\u000e')D@\u001d$D\ufffd]\ufffdD\ufffd$\u0011E@j*E\ufffd\ufffd2E\u0014\ufffd\u003eE{\ufffd\u0010E\ufffd\u0010\ufffdDv\ufffd\ufffdC\ufffd\ufffd$D\ufffd9\u0019Df\ufffd\ufffdD\no\u0012E\"0+E\ufffd\u00144E\\\ufffd\u003eE;\ufffd\tE\ufffd˜Dtz\ufffdC\ufffd$ D\ufffdS\u000bD\ufffd\u001c\ufffdD\ufffd\ufffd\u0012E\ufffd\u0019*Ek\ufffd3E\ufffd\ufffd\u003cEs\ufffd\ufffdD\ufffdǍDlF\ufffdC\u0017\ufffd#D38\u0010D\ufffdD\ufffdD\ufffd\u001c\u0016E\ufffd\ufffd-E\ufffdn5EI\u0016@E\ufffd\u001f\u0002E\u0008\ufffd\ufffdD~T\ufffdCs\ufffd*DȘ\u001bD\ufffdىD\ufffd\ufffd\u0014EͰ+E5\ufffd4E\ufffd\u001d?E\ufffd\ufffd\u0006E\ufffd\u001c\ufffdDq\rtq\u000ebh\u0000h\u0001K\u0000\ufffdq\u000fh\u0003\ufffdq\u0010Rq\u0011(K\u0001K\u0018K\n\ufffdq\u0012h\n\ufffdB\ufffd\u0003\u0000\u0000\ufffdsXD\ufffd\u0000tD\ufffd\ufffdyD\ufffd]\ufffdD\u000fm\u0006E\ufffd\ufffd\u0015E\ufffd$\u001bEc\ufffd$Eor\ufffdD8\ufffd\ufffdD?0^D\u0018\ufffdxD\ufffd6D\ufffd\ufffd\ufffdD\u003ey\u0007E~\ufffd\u0016E\u0011\u0001\u001cE\ufffdh%E\ufffdN\ufffdD\ufffdϓDv\u001b`D\ufffd=\ufffdD\ufffd[\ufffdD\ufffd8\ufffdD\ufffdN\u000cȄ\u001cE\ufffdo!E\ufffd\u0008+E\ufffd\ufffd\ufffdD ɕD(\u0007\u000eD\u000e\ufffdADo\u0026\u003cD\ufffde\ufffdDg\ufffd\u0012E\ufffd1)E\ufffd\u0015/E\ufffd\ufffd8E]\u0012\u0008E\ufffdl\ufffdDE\ufffd\ufffdCa\ufffd\u001eDw\ufffd\u0005D\ufffd\ufffd\ufffdD\ufffdf)E\ufffdxKE\ufffd#RE\ufffd\ufffd[E\\\u0013\ufffdD\ufffd\u0006\ufffdD)\ufffd\ufffdC\ufffd\u000eDD\ufffd\ufffd3D\u001d\ufffd\ufffdD\ufffd\u003e8E\ufffd\ufffd]E\ufffd\ufffdgE\ufffd[qE\u0008\ufffd\tEm\u001e\ufffdD\ufffdh\ufffdC\ufffd\ufffd=DG\ufffd)D\ufffd\u000f\ufffdD=\ufffd8Eż^E\ufffd\ufffdgE}\ufffdrE\ufffdP\u0007E\ufffd\u0007\ufffdD=\u0006\ufffdC)\u0006=D\ufffd\ufffd\u0026D3\ufffd\ufffdD\ufffd7:E\ufffdO`E\ufffd\ufffdhE+\u003cuE\u001a\ufffd\tE\ufffd~\ufffdD\ufffd\n\ufffdCTY=DO\u0004-D{\ufffd\ufffdDU\ufffd5E \u0004ZE\ufffd\ufffdbE\ufffdCpE\n\ufffd\u0010E\ufffd\ufffd\ufffdD\ufffd\ufffd\u0001D5\ufffdED\ufffd?FDV.\ufffdD\ufffd$,E\ufffd2NE\ufffdAWE\ufffd\ufffdeE\ufffd\ufffd\u0019E \ufffd\ufffdD\ufffd\ufffd\ufffdC\ufffd\ufffdAD\ufffd\u003cBDSޙD\u0007W'E,\u0011IE?#RE\ufffdK`E\u001d\u001c\u001aE\ufffd\ufffd\ufffdDG\ufffd\ufffdCss?D#\u0006AD\ufffdR\ufffdD\ufffd\u0001%E\ufffd\ufffdFEB\ufffdOEZ\ufffd]E\ufffd\ufffd\u001aE6,\ufffdD\u0004\ufffd\ufffdC\ufffd\ufffd9D\ufffdU;D\u001b̓DՊ#E\ufffdmEEހNE\ufffd'\\E\ufffdG\u001aE\ufffdٰD\ufffdA\ufffdC\u0005\u0016\u003eD/\ufffd@Dd\ufffd\ufffdD\ufffd\ufffd!EpDCE+LE\u0006\ufffdYE\ufffdE\u001aE\ufffd\ufffd\ufffdD\"p\ufffdC\ufffd?\u003cD\ufffd\ufffd?D\ufffdΔD\ufffd\ufffd E\ufffd\ufffdAE\ufffd\ufffdJE\u0012\u003eXEA\ufffd\u001bE34\ufffdDok\ufffdC\ufffd[9D\ufffd\ufffd\u003eD\ufffd3\ufffdD[\ufffd\u001eE\u001f6\u003eE\ufffdLGEhTTE\ufffd^ E\ufffd\ufffd\ufffdDC\u0018\ufffdC\ufffd\ufffd7D\ufffd\ufffd\u003cD\"֔DY\ufffd\u0019E\u000c\u00176E\ufffd\ufffd=E\ufffd?JE\ufffdL\u001eE\u000eN\ufffdD\ufffd\ufffd\ufffdC\ufffd\ufffd7DDo@Dp\u0026\ufffdD\\\ufffd\u0011E\ufffd\ufffd,E\ufffd\ufffd4E\ufffd\ufffdBE\u0012\ufffd\u001fE\ufffdQ\ufffdDƫ\ufffdC\ufffd$1D*\ufffd1D\ufffd\ufffd\ufffdDV?\u0012E\u003e\t,E͌4Ea2AE\ufffd\ufffd\u0016E\ufffdu\ufffdD]\ufffd\ufffdC\ufffde+D\u0006J(D\ufffdƉD\ufffd\u001c\u0012EH\ufffd+E\ufffdY4E\u0015\u003c@E%\ufffd\u0011E[\n\ufffdDWd\ufffdC\n\ufffd\u0026D2Y\u001cD\ufffd\ufffd\ufffdD\ufffdJ\u0013E\ufffd=,EPr5E\ufffd\u000b@E\ufffdx\nE\ufffdF\ufffdDB\ufffd\ufffdC\ufffd\ufffd!D\u000c\u0016\u000eD\ufffd\ufffd\ufffdD\ufffd\ufffd\u0013E\u0005\ufffd+E\\\ufffd5E\ufffd\ufffd=E\ufffd\"\ufffdD_:\ufffdD\u0001/\ufffdCe\ufffd%Ds\ufffd\u0013D\ufffdJ\ufffdDbo\u0017EBq/E\ufffd\ufffd7E\ufffd\ufffdAE\ufffd\ufffd\u0002E\ufffdp\ufffdD\u0018\u0002\ufffdC\ufffdI,D\ufffd0\u001fD\ufffd\ufffd\ufffdD\ufffd\ufffd\u0015E\ufffdA-E\ufffd\u00017E\ufffd\ufffd@E\ufffd\ufffd\u0007E*\u0019\ufffdDq\u0013tq\u0014b\ufffdq\u0015.",
            "content_base64": "gANjbnVtcHkuY29yZS5tdWx0aWFycmF5Cl9yZWNvbnN0cnVjdApxAGNudW1weQpuZGFycmF5CnEBSwCFcQJDAWJxA4dxBFJxBShLAUsYSwqGcQZjbnVtcHkKZHR5cGUKcQdYAgAAAGY0cQhLAEsBh3EJUnEKKEsDWAEAAAA8cQtOTk5K/////0r/////SwB0cQxiiULAAwAArzJTRIb1bkThqHNEsrWnRC6nBEWXvhNFQOgYRWiMIkWy5d5EUX2RRG3oWEQzCHREUSJ5RLEgqkTH0gVFh/MURRT2GUWfjyNFnA7fRCHTkUS6G11E8899RAyJgURh7K9EC1wLRcR1G0U1LCBFf+spRbB55UQJv5RErCQNRGOWQET6jDlE4qyTRMKXEUUd6SdFcI0tRQOhN0VKhgdFsSqkRL6SzEPxjB1EpYkBRJJ5gURVJihFS6hJRXAaUEWvvFlFvpP4RAYvjETlyuVDpW5CRLTBL0Qn659EnJ83RX29XEUVn2ZFM1pwRQZLCUU6/KREaJHcQ80EPETkVyVEO+iZRB9KOEVh211F2c1mRRbwcUUHkwZFpx+cRMTF2EOMvzpEk94hRPSGl0SvhDlFsldfReWqZ0VNNnRFZsUIRbM8mUQe2OND7H07RNOzKESSUZhEUhI1RZg/WUXM4GFFR3FvRYX/D0Wm3J9EsUwARARvRES2M0JE6wqeRM6kK0WNeU1FqGhWRRE5ZUXoJxlF9/SpRC4Y9kOPC0BExKg+RPvVmERB4yZFWGdIRSZcUUV/pV9FeIYZRYBjrUR2x+9DRoQ9RLL6PETIGZZEeHIkRbXaRUUP1U5FJOFcRecUGkXTpq9ErkzkQ3BiNkTr2DVEsfSRRBaoIkVERkRFyDJNRe//WkXQWRlFsPuuREjf7kMz4jtENS08RJyOk0QENSFFbW1CRQUvS0WP41hF8oEZRTU4sUTxaetDnDQ6RPpmO0R7hZNEJFIgRVQgQUXevElFen5XRf0GG0V9i7NEJVbhQ4dMN0RGOjpE2OiTROMgHkX5fz1FSWJGRdqaU0WPjR9FBau6RCAt20OWXzZEUw05RFnNk0ShbxlFIXs1RUYOPUXGpElFvJMdRWeJuUQ2M+pDD+U1ROWRO0Rn2o9Emy0RRXrWK0XcuDNFBctBRV+wHkUG8rtEMFvbQ2Y3L0ROrS1EdMaLRHyUEUW2MStF82wzRZ9MQEV6yhVFmICuRFS1zkMOJylEQB0kROBdiESFJBFFQGoqRfXiMkUU/D5Fe8cQRckQp0R2pMFDq+UkRJ85GURmo4VECm8SRSIwK0WgFDRFXPA+RTu6CUWSy5xEdHqxQ54kIETLUwtEzhyBRKmBEkW4GSpFa78zRYCGPEVzx/1Eg8eNRGxGuEMX1yNEMzgQRNZEhkS3HBZF7s0tRaFuNUVJFkBFxx8CRQi7k0R+VMRDc5YqRMiYG0TT2YlEuK0URc2wK0U15TRF/R0/RaXnBkWJHJ1EcQ10cQ5iaABoAUsAhXEPaAOHcRBScREoSwFLGEsKhnESaAqJQsADAADXc1hEnAB0RJPueUSzXapED20GRfezFUWzJBtFY5EkRW9y4UQ4tpNEPzBeRBj9eES+Nn9ErKusRD55B0V+wxZFEQEcRYloJUXBTuFEhM+TRHYbYEStPYBE3luDROM4sUTQTgxFzI8cRYJvIUXSCCtFkIvmRCDJlUQoBw5EDsNBRG8mPESUZZREZ5YSRfkxKUWlFS9Fjeo4RV0SCEXKbKVERfnOQ2H6HkR36QVE8IOCRJNmKUXQeEtF0iNSReuTW0VcE/pE0waORCnU6EOPDkREoPIzRB3toES6PjhFu7ZdRcLLZ0WGW3FFCP4JRW0ep0T+aOBD4fk9REeHKUT/D5tEPe04RcW8XkXf3mdFfeFyRe9QB0XRB55EPQbdQykGPUSm5iZEM/WYRPM3OkW9T2BFudZoRSs8dUUatAlFyn6bROgK50NUWT1ETwQtRHuNmURVpDVFIARaRa3VYkW1Q3BFCtUQRb6xoUS2ngFENf5FRMk/RkRWLp9EmCQsRfUyTkWaQVdF5uxlRZ3lGUUgjqtEmv74Q4qYQUTxPEJEU96ZRAdXJ0UsEUlFPyNSRb1LYEUdHBpFj7euREeY80Nzcz9EIwZBRMBSl0S8ASVFu6ZGRULBT0Vaq11F3sEaRTYssUQEgepDg4Q5RKNVO0QbzJNE1YojRbttRUXegE5F4idcRddHGkWe2bBEtEHzQwUWPkQvoEBEZO2URO/MIUVwRENFfytMRQa6WUWSRRpF1eiyRCJw70PLPzxEnrE/RO/OlESx1iBF3d9BRbyjSkUSPlhFQcIbRTM0tURva+VD7ls5RPm2PkTAM5VEW6AeRR82PkXnTEdFaFRURfVeIEWPoLxEQxjeQ7T7N0SokzxEItaURFniGUUMFzZF8N89Rbg/SkX0TB5FDk67RISN7UP41jdERG9ARHAmkURcqxFF9IQsRZiwNEXpgUJFErUfReJRvkTGq95D2CQxRCrRMUSR/4xEVj8SRT4JLEXNjDRFYTJBRZu3FkW3dbBEXYDSQ8NlK0QGSihE9caJRJAcEkVIlitFx1k0RRU8QEUl1BFFWwqpRFdkxEMKgyZEMlkcRMGhhkTOShNFtz0sRVByNUWLC0BF8XgKRf5GnkRCsLNDgZIhRAwWDkS99IFEgKATRQWCK0VcoDVFy/Y9Rd8i/0RfOo9EAS+7Q2WnJURz0xNErEqHRGJvF0VCcS9F4aE3RbrDQUXu6wJFrnCVRBgCx0OnSSxEkjAfRJbhikS26xVFqUEtRdUBN0X0u0BF2MAHRSoZn0RxE3RxFGKGcRUu",
            "content_base64sha256": "JW6QPoMWtkmaZEdBeWqGk2/nyK8lnj34VbaIQ+eItow=",
            "content_base64sha512": "wVZLLs0tiT3d2+dMHGhybdghzfT08RU1TIo9QDhAl7OGTCRTJAQw4wsxzfpP2DalJoVW4NES+jc03DdlsujNmQ==",
            "content_md5": "e8240aab088823aa6bcb8782b9bff15d",
            "content_sha1": "63c7b0b706c91c5370e03ff6c15fefcac1481ec2",
            "content_sha256": "256e903e8316b6499a644741796a86936fe7c8af259e3df855b68843e788b68c",
            "content_sha512": "c1564b2ecd2d893ddddbe74c1c68726dd821cdf4f4f115354c8a3d40384097b3864c2453240430e30b31cdfa4fd836a5268556e0d112fa3734dc3765b2e8cd99",
            "filename": "/home/pc/Documents/BindMounting/Input/S2-2017-T31TFM-meanstd.pkl",
            "id": "63c7b0b706c91c5370e03ff6c15fefcac1481ec2"
          },
          "sensitive_attributes": []
        }
      ]
    },
    {
      "mode": "managed",
      "type": "azurerm_key_vault_secret",
      "name": "example",
      "provider": "provider[\"registry.terraform.io/hashicorp/azurerm\"]",
      "instances": []
    },
    {
      "mode": "managed",
      "type": "azurerm_resource_group",
      "name": "rg1",
      "provider": "provider[\"registry.terraform.io/hashicorp/azurerm\"]",
      "instances": [
        {
          "schema_version": 0,
          "attributes": {
            "id": "/subscriptions/e11d97b1-1116-4846-adbe-62819df517db/resourceGroups/first1",
            "location": "eastus2",
            "name": "first1",
            "tags": {},
            "timeouts": null
          },
          "sensitive_attributes": [],
          "private": "eyJlMmJmYjczMC1lY2FhLTExZTYtOGY4OC0zNDM2M2JjN2M0YzAiOnsiY3JlYXRlIjo1NDAwMDAwMDAwMDAwLCJkZWxldGUiOjU0MDAwMDAwMDAwMDAsInJlYWQiOjMwMDAwMDAwMDAwMCwidXBkYXRlIjo1NDAwMDAwMDAwMDAwfSwic2NoZW1hX3ZlcnNpb24iOiIwIn0="
        }
      ]
    },
    {
      "mode": "managed",
      "type": "azurerm_role_assignment",
      "name": "rolePanoptic",
      "provider": "provider[\"registry.terraform.io/hashicorp/azurerm\"]",
      "instances": [
        {
          "schema_version": 0,
          "attributes": {
            "condition": "",
            "condition_version": "",
            "delegated_managed_identity_resource_id": "",
            "description": "",
            "id": "/subscriptions/e11d97b1-1116-4846-adbe-62819df517db/providers/Microsoft.Authorization/roleAssignments/097e5a09-23da-2715-f9f6-db6d709f6cf3",
            "name": "097e5a09-23da-2715-f9f6-db6d709f6cf3",
            "principal_id": "a9889a34-14d7-4fbb-8273-f219faeeaf5c",
            "principal_type": "ServicePrincipal",
            "role_definition_id": "/subscriptions/e11d97b1-1116-4846-adbe-62819df517db/providers/Microsoft.Authorization/roleDefinitions/b24988ac-6180-42a0-ab88-20f7382dd24c",
            "role_definition_name": "Contributor",
            "scope": "/subscriptions/e11d97b1-1116-4846-adbe-62819df517db",
            "skip_service_principal_aad_check": null,
            "timeouts": null
          },
          "sensitive_attributes": [],
          "private": "eyJlMmJmYjczMC1lY2FhLTExZTYtOGY4OC0zNDM2M2JjN2M0YzAiOnsiY3JlYXRlIjoxODAwMDAwMDAwMDAwLCJkZWxldGUiOjE4MDAwMDAwMDAwMDAsInJlYWQiOjMwMDAwMDAwMDAwMCwidXBkYXRlIjoxODAwMDAwMDAwMDAwfX0=",
          "dependencies": [
            "azurerm_resource_group.rg1",
            "module.ServicePrincipal.azuread_application.main",
            "module.ServicePrincipal.azuread_service_principal.main",
            "module.ServicePrincipal.azuread_service_principal_password.main",
            "module.ServicePrincipal.data.azuread_client_config.current"
          ]
        }
      ]
    },
    {
      "module": "module.ServicePrincipal",
      "mode": "data",
      "type": "azuread_client_config",
      "name": "current",
      "provider": "provider[\"registry.terraform.io/hashicorp/azuread\"]",
      "instances": [
        {
          "schema_version": 0,
          "attributes": {
            "client_id": "04b07795-8ddb-461a-bbee-02f9e1bf7b46",
            "id": "cda56a0b-9cfe-4a5d-910d-c3d39058e971-04b07795-8ddb-461a-bbee-02f9e1bf7b46-c2b0a3c8-24dd-4878-9fa9-5ef493f1adf7",
            "object_id": "c2b0a3c8-24dd-4878-9fa9-5ef493f1adf7",
            "tenant_id": "cda56a0b-9cfe-4a5d-910d-c3d39058e971",
            "timeouts": null
          },
          "sensitive_attributes": []
        }
      ]
    },
    {
      "module": "module.ServicePrincipal",
      "mode": "managed",
      "type": "azuread_application",
      "name": "main",
      "provider": "provider[\"registry.terraform.io/hashicorp/azuread\"]",
      "instances": [
        {
          "schema_version": 1,
          "attributes": {
            "api": [
              {
                "known_client_applications": [],
                "mapped_claims_enabled": false,
                "oauth2_permission_scope": [],
                "requested_access_token_version": 1
              }
            ],
            "app_role": [],
            "app_role_ids": {},
            "application_id": "3727e188-35f4-490f-8935-0b43088b8b9c",
            "description": "",
            "device_only_auth_enabled": false,
            "disabled_by_microsoft": "\u003cnil\u003e",
            "display_name": "PanopticSeg",
            "fallback_public_client_enabled": false,
            "feature_tags": [
              {
                "custom_single_sign_on": false,
                "enterprise": false,
                "gallery": false,
                "hide": false
              }
            ],
            "group_membership_claims": null,
            "id": "55839d6a-db24-4344-8bc1-453fe4353e59",
            "identifier_uris": null,
            "logo_image": "",
            "logo_url": "",
            "marketing_url": "",
            "notes": "",
            "oauth2_permission_scope_ids": {},
            "oauth2_post_response_required": false,
            "object_id": "55839d6a-db24-4344-8bc1-453fe4353e59",
            "optional_claims": [
              {
                "access_token": [],
                "id_token": [],
                "saml2_token": []
              }
            ],
            "owners": [
              "c2b0a3c8-24dd-4878-9fa9-5ef493f1adf7"
            ],
            "prevent_duplicate_names": false,
            "privacy_statement_url": "",
            "public_client": [
              {
                "redirect_uris": []
              }
            ],
            "publisher_domain": "nextav.ai",
            "required_resource_access": [],
            "service_management_reference": "",
            "sign_in_audience": "AzureADMyOrg",
            "single_page_application": [
              {
                "redirect_uris": []
              }
            ],
            "support_url": "",
            "tags": [],
            "template_id": "",
            "terms_of_service_url": "",
            "timeouts": null,
            "web": [
              {
                "homepage_url": "",
                "implicit_grant": [
                  {
                    "access_token_issuance_enabled": false,
                    "id_token_issuance_enabled": false
                  }
                ],
                "logout_url": "",
                "redirect_uris": []
              }
            ]
          },
          "sensitive_attributes": [],
          "private": "eyJlMmJmYjczMC1lY2FhLTExZTYtOGY4OC0zNDM2M2JjN2M0YzAiOnsiY3JlYXRlIjo2MDAwMDAwMDAwMDAsImRlbGV0ZSI6MzAwMDAwMDAwMDAwLCJyZWFkIjozMDAwMDAwMDAwMDAsInVwZGF0ZSI6NjAwMDAwMDAwMDAwfSwic2NoZW1hX3ZlcnNpb24iOiIxIn0=",
          "dependencies": [
            "azurerm_resource_group.rg1",
            "module.ServicePrincipal.data.azuread_client_config.current"
          ]
        }
      ]
    },
    {
      "module": "module.ServicePrincipal",
      "mode": "managed",
      "type": "azuread_service_principal",
      "name": "main",
      "provider": "provider[\"registry.terraform.io/hashicorp/azuread\"]",
      "instances": [
        {
          "schema_version": 0,
          "attributes": {
            "account_enabled": true,
            "alternative_names": null,
            "app_role_assignment_required": true,
            "app_role_ids": {},
            "app_roles": [],
            "application_id": "3727e188-35f4-490f-8935-0b43088b8b9c",
            "application_tenant_id": "cda56a0b-9cfe-4a5d-910d-c3d39058e971",
            "description": "",
            "display_name": "PanopticSeg",
            "feature_tags": [
              {
                "custom_single_sign_on": false,
                "enterprise": false,
                "gallery": false,
                "hide": false
              }
            ],
            "features": [
              {
                "custom_single_sign_on_app": false,
                "enterprise_application": false,
                "gallery_application": false,
                "visible_to_users": true
              }
            ],
            "homepage_url": "",
            "id": "a9889a34-14d7-4fbb-8273-f219faeeaf5c",
            "login_url": "",
            "logout_url": "",
            "notes": "",
            "notification_email_addresses": null,
            "oauth2_permission_scope_ids": {},
            "oauth2_permission_scopes": [],
            "object_id": "a9889a34-14d7-4fbb-8273-f219faeeaf5c",
            "owners": [
              "c2b0a3c8-24dd-4878-9fa9-5ef493f1adf7"
            ],
            "preferred_single_sign_on_mode": "",
            "redirect_uris": [],
            "saml_metadata_url": "",
            "saml_single_sign_on": [
              {
                "relay_state": ""
              }
            ],
            "service_principal_names": [],
            "sign_in_audience": "AzureADMyOrg",
            "tags": [],
            "timeouts": null,
            "type": "Application",
            "use_existing": null
          },
          "sensitive_attributes": [],
          "private": "eyJlMmJmYjczMC1lY2FhLTExZTYtOGY4OC0zNDM2M2JjN2M0YzAiOnsiY3JlYXRlIjo2MDAwMDAwMDAwMDAsImRlbGV0ZSI6MzAwMDAwMDAwMDAwLCJyZWFkIjozMDAwMDAwMDAwMDAsInVwZGF0ZSI6NjAwMDAwMDAwMDAwfX0=",
          "dependencies": [
            "azurerm_resource_group.rg1",
            "module.ServicePrincipal.azuread_application.main",
            "module.ServicePrincipal.data.azuread_client_config.current"
          ]
        }
      ]
    },
    {
      "module": "module.ServicePrincipal",
      "mode": "managed",
      "type": "azuread_service_principal_password",
      "name": "main",
      "provider": "provider[\"registry.terraform.io/hashicorp/azuread\"]",
      "instances": [
        {
          "schema_version": 1,
          "attributes": {
            "display_name": null,
            "end_date": "2025-05-17T12:33:41Z",
            "end_date_relative": null,
            "id": "a9889a34-14d7-4fbb-8273-f219faeeaf5c/password/a9214609-29f0-451b-abb6-8bd426adac0e",
            "key_id": "a9214609-29f0-451b-abb6-8bd426adac0e",
            "rotate_when_changed": null,
            "service_principal_id": "a9889a34-14d7-4fbb-8273-f219faeeaf5c",
            "start_date": "2023-05-17T12:33:41Z",
            "timeouts": null,
            "value": "WyW8Q~Z0EqaJeAyXjHOXNH2X1_h.99opEBVmKcln"
          },
          "sensitive_attributes": [],
          "private": "eyJlMmJmYjczMC1lY2FhLTExZTYtOGY4OC0zNDM2M2JjN2M0YzAiOnsiY3JlYXRlIjozMDAwMDAwMDAwMDAsImRlbGV0ZSI6MzAwMDAwMDAwMDAwLCJyZWFkIjozMDAwMDAwMDAwMDAsInVwZGF0ZSI6MzAwMDAwMDAwMDAwfSwic2NoZW1hX3ZlcnNpb24iOiIxIn0=",
          "dependencies": [
            "azurerm_resource_group.rg1",
            "module.ServicePrincipal.azuread_application.main",
            "module.ServicePrincipal.azuread_service_principal.main",
            "module.ServicePrincipal.data.azuread_client_config.current"
          ]
        }
      ]
    },
    {
      "module": "module.aks",
      "mode": "data",
      "type": "azurerm_kubernetes_service_versions",
      "name": "current",
      "provider": "provider[\"registry.terraform.io/hashicorp/azurerm\"]",
      "instances": [
        {
          "schema_version": 0,
          "attributes": {
            "id": "/subscriptions/e11d97b1-1116-4846-adbe-62819df517db/providers/Microsoft.ContainerService/locations/eastus2",
            "include_preview": false,
            "latest_version": "1.26.3",
            "location": "eastus2",
            "timeouts": null,
            "version_prefix": null,
            "versions": [
              "1.24.9",
              "1.24.10",
              "1.25.5",
              "1.25.6",
              "1.26.0",
              "1.26.3"
            ]
          },
          "sensitive_attributes": []
        }
      ]
    },
    {
      "module": "module.keyvault",
      "mode": "data",
      "type": "azurerm_client_config",
      "name": "current",
      "provider": "provider[\"registry.terraform.io/hashicorp/azurerm\"]",
      "instances": [
        {
          "schema_version": 0,
          "attributes": {
            "client_id": "04b07795-8ddb-461a-bbee-02f9e1bf7b46",
            "id": "Y2xpZW50Q29uZmlncy9jbGllbnRJZD0wNGIwNzc5NS04ZGRiLTQ2MWEtYmJlZS0wMmY5ZTFiZjdiNDY7b2JqZWN0SWQ9YzJiMGEzYzgtMjRkZC00ODc4LTlmYTktNWVmNDkzZjFhZGY3O3N1YnNjcmlwdGlvbklkPWUxMWQ5N2IxLTExMTYtNDg0Ni1hZGJlLTYyODE5ZGY1MTdkYjt0ZW5hbnRJZD1jZGE1NmEwYi05Y2ZlLTRhNWQtOTEwZC1jM2QzOTA1OGU5NzE=",
            "object_id": "c2b0a3c8-24dd-4878-9fa9-5ef493f1adf7",
            "subscription_id": "e11d97b1-1116-4846-adbe-62819df517db",
            "tenant_id": "cda56a0b-9cfe-4a5d-910d-c3d39058e971",
            "timeouts": null
          },
          "sensitive_attributes": []
        }
      ]
    }
  ],
  "check_results": null
}
