{
  "version": 4,
  "terraform_version": "1.4.5",
  "serial": 37,
  "lineage": "f7d1c8d7-f465-5ac1-def2-bc24a3d345f7",
  "outputs": {},
  "resources": [
    {
      "mode": "managed",
      "type": "azurerm_key_vault_secret",
      "name": "example",
      "provider": "provider[\"registry.terraform.io/hashicorp/azurerm\"]",
      "instances": [
        {
          "schema_version": 0,
          "attributes": {
            "content_type": "",
            "expiration_date": null,
            "id": "https://panopticnew-kv.vault.azure.net/secrets/40ee982d-88dd-4594-89d5-72ae9b84f117/fdf0abd289b84b818c9a470829ba4da4",
            "key_vault_id": "/subscriptions/e11d97b1-1116-4846-adbe-62819df517db/resourceGroups/first/providers/Microsoft.KeyVault/vaults/Panopticnew-kv",
            "name": "40ee982d-88dd-4594-89d5-72ae9b84f117",
            "not_before_date": null,
            "resource_id": "/subscriptions/e11d97b1-1116-4846-adbe-62819df517db/resourceGroups/first/providers/Microsoft.KeyVault/vaults/Panopticnew-kv/secrets/40ee982d-88dd-4594-89d5-72ae9b84f117/versions/fdf0abd289b84b818c9a470829ba4da4",
            "resource_versionless_id": "/subscriptions/e11d97b1-1116-4846-adbe-62819df517db/resourceGroups/first/providers/Microsoft.KeyVault/vaults/Panopticnew-kv/secrets/40ee982d-88dd-4594-89d5-72ae9b84f117",
            "tags": null,
            "timeouts": null,
            "value": "riw8Q~DCNvYa6ZOrOrcLTQnB4kXnPDOnGuP71bw4",
            "version": "fdf0abd289b84b818c9a470829ba4da4",
            "versionless_id": "https://panopticnew-kv.vault.azure.net/secrets/40ee982d-88dd-4594-89d5-72ae9b84f117"
          },
          "sensitive_attributes": [
            [
              {
                "type": "get_attr",
                "value": "value"
              }
            ]
          ],
          "private": "eyJlMmJmYjczMC1lY2FhLTExZTYtOGY4OC0zNDM2M2JjN2M0YzAiOnsiY3JlYXRlIjoxODAwMDAwMDAwMDAwLCJkZWxldGUiOjE4MDAwMDAwMDAwMDAsInJlYWQiOjE4MDAwMDAwMDAwMDAsInVwZGF0ZSI6MTgwMDAwMDAwMDAwMH19",
          "dependencies": [
            "azurerm_resource_group.rg1",
            "module.ServicePrincipal.azuread_application.main",
            "module.ServicePrincipal.azuread_service_principal.main",
            "module.ServicePrincipal.azuread_service_principal_password.main",
            "module.ServicePrincipal.data.azuread_client_config.current",
            "module.keyvault.azurerm_key_vault.kv",
            "module.keyvault.data.azurerm_client_config.current"
          ]
        }
      ]
    },
    {
      "mode": "managed",
      "type": "azurerm_resource_group",
      "name": "rg1",
      "provider": "provider[\"registry.terraform.io/hashicorp/azurerm\"]",
      "instances": [
        {
          "schema_version": 0,
          "attributes": {
            "id": "/subscriptions/e11d97b1-1116-4846-adbe-62819df517db/resourceGroups/first",
            "location": "eastus",
            "name": "first",
            "tags": null,
            "timeouts": null
          },
          "sensitive_attributes": [],
          "private": "eyJlMmJmYjczMC1lY2FhLTExZTYtOGY4OC0zNDM2M2JjN2M0YzAiOnsiY3JlYXRlIjo1NDAwMDAwMDAwMDAwLCJkZWxldGUiOjU0MDAwMDAwMDAwMDAsInJlYWQiOjMwMDAwMDAwMDAwMCwidXBkYXRlIjo1NDAwMDAwMDAwMDAwfX0="
        }
      ]
    },
    {
      "mode": "managed",
      "type": "azurerm_role_assignment",
      "name": "rolePanoptic2",
      "provider": "provider[\"registry.terraform.io/hashicorp/azurerm\"]",
      "instances": [
        {
          "schema_version": 0,
          "attributes": {
            "condition": "",
            "condition_version": "",
            "delegated_managed_identity_resource_id": "",
            "description": "",
            "id": "/subscriptions/e11d97b1-1116-4846-adbe-62819df517db/providers/Microsoft.Authorization/roleAssignments/fb2f6c2e-0ec9-bc39-2d5f-83b8f1abc8ee",
            "name": "fb2f6c2e-0ec9-bc39-2d5f-83b8f1abc8ee",
            "principal_id": "daa1ce4c-78c0-4a38-b3dd-c0924e7e0fe1",
            "principal_type": "ServicePrincipal",
            "role_definition_id": "/subscriptions/e11d97b1-1116-4846-adbe-62819df517db/providers/Microsoft.Authorization/roleDefinitions/b24988ac-6180-42a0-ab88-20f7382dd24c",
            "role_definition_name": "Contributor",
            "scope": "/subscriptions/e11d97b1-1116-4846-adbe-62819df517db",
            "skip_service_principal_aad_check": null,
            "timeouts": null
          },
          "sensitive_attributes": [],
          "private": "eyJlMmJmYjczMC1lY2FhLTExZTYtOGY4OC0zNDM2M2JjN2M0YzAiOnsiY3JlYXRlIjoxODAwMDAwMDAwMDAwLCJkZWxldGUiOjE4MDAwMDAwMDAwMDAsInJlYWQiOjMwMDAwMDAwMDAwMCwidXBkYXRlIjoxODAwMDAwMDAwMDAwfX0=",
          "dependencies": [
            "azurerm_resource_group.rg1",
            "module.ServicePrincipal.azuread_application.main",
            "module.ServicePrincipal.azuread_service_principal.main",
            "module.ServicePrincipal.azuread_service_principal_password.main",
            "module.ServicePrincipal.data.azuread_client_config.current"
          ]
        }
      ]
    },
    {
      "module": "module.ServicePrincipal",
      "mode": "data",
      "type": "azuread_client_config",
      "name": "current",
      "provider": "provider[\"registry.terraform.io/hashicorp/azuread\"]",
      "instances": [
        {
          "schema_version": 0,
          "attributes": {
            "client_id": "04b07795-8ddb-461a-bbee-02f9e1bf7b46",
            "id": "cda56a0b-9cfe-4a5d-910d-c3d39058e971-04b07795-8ddb-461a-bbee-02f9e1bf7b46-c2b0a3c8-24dd-4878-9fa9-5ef493f1adf7",
            "object_id": "c2b0a3c8-24dd-4878-9fa9-5ef493f1adf7",
            "tenant_id": "cda56a0b-9cfe-4a5d-910d-c3d39058e971",
            "timeouts": null
          },
          "sensitive_attributes": []
        }
      ]
    },
    {
      "module": "module.ServicePrincipal",
      "mode": "managed",
      "type": "azuread_application",
      "name": "main",
      "provider": "provider[\"registry.terraform.io/hashicorp/azuread\"]",
      "instances": [
        {
          "schema_version": 1,
          "attributes": {
            "api": [
              {
                "known_client_applications": [],
                "mapped_claims_enabled": false,
                "oauth2_permission_scope": [],
                "requested_access_token_version": 1
              }
            ],
            "app_role": [],
            "app_role_ids": {},
            "application_id": "40ee982d-88dd-4594-89d5-72ae9b84f117",
            "description": "",
            "device_only_auth_enabled": false,
            "disabled_by_microsoft": "\u003cnil\u003e",
            "display_name": "PanopticSegnew",
            "fallback_public_client_enabled": false,
            "feature_tags": [
              {
                "custom_single_sign_on": false,
                "enterprise": false,
                "gallery": false,
                "hide": false
              }
            ],
            "group_membership_claims": null,
            "id": "663f337e-f0fd-4624-973f-e4b272ed4a81",
            "identifier_uris": null,
            "logo_image": "",
            "logo_url": "",
            "marketing_url": "",
            "notes": "",
            "oauth2_permission_scope_ids": {},
            "oauth2_post_response_required": false,
            "object_id": "663f337e-f0fd-4624-973f-e4b272ed4a81",
            "optional_claims": [
              {
                "access_token": [],
                "id_token": [],
                "saml2_token": []
              }
            ],
            "owners": [
              "c2b0a3c8-24dd-4878-9fa9-5ef493f1adf7"
            ],
            "prevent_duplicate_names": false,
            "privacy_statement_url": "",
            "public_client": [
              {
                "redirect_uris": []
              }
            ],
            "publisher_domain": "nextav.ai",
            "required_resource_access": [],
            "service_management_reference": "",
            "sign_in_audience": "AzureADMyOrg",
            "single_page_application": [
              {
                "redirect_uris": []
              }
            ],
            "support_url": "",
            "tags": [],
            "template_id": "",
            "terms_of_service_url": "",
            "timeouts": null,
            "web": [
              {
                "homepage_url": "",
                "implicit_grant": [
                  {
                    "access_token_issuance_enabled": false,
                    "id_token_issuance_enabled": false
                  }
                ],
                "logout_url": "",
                "redirect_uris": []
              }
            ]
          },
          "sensitive_attributes": [],
          "private": "eyJlMmJmYjczMC1lY2FhLTExZTYtOGY4OC0zNDM2M2JjN2M0YzAiOnsiY3JlYXRlIjo2MDAwMDAwMDAwMDAsImRlbGV0ZSI6MzAwMDAwMDAwMDAwLCJyZWFkIjozMDAwMDAwMDAwMDAsInVwZGF0ZSI6NjAwMDAwMDAwMDAwfSwic2NoZW1hX3ZlcnNpb24iOiIxIn0=",
          "dependencies": [
            "azurerm_resource_group.rg1",
            "module.ServicePrincipal.data.azuread_client_config.current"
          ]
        }
      ]
    },
    {
      "module": "module.ServicePrincipal",
      "mode": "managed",
      "type": "azuread_service_principal",
      "name": "main",
      "provider": "provider[\"registry.terraform.io/hashicorp/azuread\"]",
      "instances": [
        {
          "schema_version": 0,
          "attributes": {
            "account_enabled": true,
            "alternative_names": null,
            "app_role_assignment_required": true,
            "app_role_ids": {},
            "app_roles": [],
            "application_id": "40ee982d-88dd-4594-89d5-72ae9b84f117",
            "application_tenant_id": "cda56a0b-9cfe-4a5d-910d-c3d39058e971",
            "description": "",
            "display_name": "PanopticSegnew",
            "feature_tags": [
              {
                "custom_single_sign_on": false,
                "enterprise": false,
                "gallery": false,
                "hide": false
              }
            ],
            "features": [
              {
                "custom_single_sign_on_app": false,
                "enterprise_application": false,
                "gallery_application": false,
                "visible_to_users": true
              }
            ],
            "homepage_url": "",
            "id": "daa1ce4c-78c0-4a38-b3dd-c0924e7e0fe1",
            "login_url": "",
            "logout_url": "",
            "notes": "",
            "notification_email_addresses": null,
            "oauth2_permission_scope_ids": {},
            "oauth2_permission_scopes": [],
            "object_id": "daa1ce4c-78c0-4a38-b3dd-c0924e7e0fe1",
            "owners": [
              "c2b0a3c8-24dd-4878-9fa9-5ef493f1adf7"
            ],
            "preferred_single_sign_on_mode": "",
            "redirect_uris": [],
            "saml_metadata_url": "",
            "saml_single_sign_on": [
              {
                "relay_state": ""
              }
            ],
            "service_principal_names": [],
            "sign_in_audience": "AzureADMyOrg",
            "tags": [],
            "timeouts": null,
            "type": "Application",
            "use_existing": null
          },
          "sensitive_attributes": [],
          "private": "eyJlMmJmYjczMC1lY2FhLTExZTYtOGY4OC0zNDM2M2JjN2M0YzAiOnsiY3JlYXRlIjo2MDAwMDAwMDAwMDAsImRlbGV0ZSI6MzAwMDAwMDAwMDAwLCJyZWFkIjozMDAwMDAwMDAwMDAsInVwZGF0ZSI6NjAwMDAwMDAwMDAwfX0=",
          "dependencies": [
            "azurerm_resource_group.rg1",
            "module.ServicePrincipal.azuread_application.main",
            "module.ServicePrincipal.data.azuread_client_config.current"
          ]
        }
      ]
    },
    {
      "module": "module.ServicePrincipal",
      "mode": "managed",
      "type": "azuread_service_principal_password",
      "name": "main",
      "provider": "provider[\"registry.terraform.io/hashicorp/azuread\"]",
      "instances": [
        {
          "schema_version": 1,
          "attributes": {
            "display_name": null,
            "end_date": "2025-05-30T12:44:39Z",
            "end_date_relative": null,
            "id": "daa1ce4c-78c0-4a38-b3dd-c0924e7e0fe1/password/29fa7f48-74e5-4b19-b19e-17be22f40f51",
            "key_id": "29fa7f48-74e5-4b19-b19e-17be22f40f51",
            "rotate_when_changed": null,
            "service_principal_id": "daa1ce4c-78c0-4a38-b3dd-c0924e7e0fe1",
            "start_date": "2023-05-30T12:44:39Z",
            "timeouts": null,
            "value": "riw8Q~DCNvYa6ZOrOrcLTQnB4kXnPDOnGuP71bw4"
          },
          "sensitive_attributes": [],
          "private": "eyJlMmJmYjczMC1lY2FhLTExZTYtOGY4OC0zNDM2M2JjN2M0YzAiOnsiY3JlYXRlIjozMDAwMDAwMDAwMDAsImRlbGV0ZSI6MzAwMDAwMDAwMDAwLCJyZWFkIjozMDAwMDAwMDAwMDAsInVwZGF0ZSI6MzAwMDAwMDAwMDAwfSwic2NoZW1hX3ZlcnNpb24iOiIxIn0=",
          "dependencies": [
            "azurerm_resource_group.rg1",
            "module.ServicePrincipal.azuread_application.main",
            "module.ServicePrincipal.azuread_service_principal.main",
            "module.ServicePrincipal.data.azuread_client_config.current"
          ]
        }
      ]
    },
    {
      "module": "module.aks",
      "mode": "data",
      "type": "azurerm_kubernetes_service_versions",
      "name": "current",
      "provider": "provider[\"registry.terraform.io/hashicorp/azurerm\"]",
      "instances": [
        {
          "schema_version": 0,
          "attributes": {
            "id": "/subscriptions/e11d97b1-1116-4846-adbe-62819df517db/providers/Microsoft.ContainerService/locations/eastus",
            "include_preview": false,
            "latest_version": "1.26.3",
            "location": "eastus",
            "timeouts": null,
            "version_prefix": null,
            "versions": [
              "1.24.9",
              "1.24.10",
              "1.25.5",
              "1.25.6",
              "1.26.0",
              "1.26.3"
            ]
          },
          "sensitive_attributes": []
        }
      ]
    },
    {
      "module": "module.keyvault",
      "mode": "data",
      "type": "azurerm_client_config",
      "name": "current",
      "provider": "provider[\"registry.terraform.io/hashicorp/azurerm\"]",
      "instances": [
        {
          "schema_version": 0,
          "attributes": {
            "client_id": "04b07795-8ddb-461a-bbee-02f9e1bf7b46",
            "id": "Y2xpZW50Q29uZmlncy9jbGllbnRJZD0wNGIwNzc5NS04ZGRiLTQ2MWEtYmJlZS0wMmY5ZTFiZjdiNDY7b2JqZWN0SWQ9YzJiMGEzYzgtMjRkZC00ODc4LTlmYTktNWVmNDkzZjFhZGY3O3N1YnNjcmlwdGlvbklkPWUxMWQ5N2IxLTExMTYtNDg0Ni1hZGJlLTYyODE5ZGY1MTdkYjt0ZW5hbnRJZD1jZGE1NmEwYi05Y2ZlLTRhNWQtOTEwZC1jM2QzOTA1OGU5NzE=",
            "object_id": "c2b0a3c8-24dd-4878-9fa9-5ef493f1adf7",
            "subscription_id": "e11d97b1-1116-4846-adbe-62819df517db",
            "tenant_id": "cda56a0b-9cfe-4a5d-910d-c3d39058e971",
            "timeouts": null
          },
          "sensitive_attributes": []
        }
      ]
    },
    {
      "module": "module.keyvault",
      "mode": "managed",
      "type": "azurerm_key_vault",
      "name": "kv",
      "provider": "provider[\"registry.terraform.io/hashicorp/azurerm\"]",
      "instances": [
        {
          "schema_version": 2,
          "attributes": {
            "access_policy": [
              {
                "application_id": "",
                "certificate_permissions": null,
                "key_permissions": [
                  "Create",
                  "List",
                  "Get"
                ],
                "object_id": "c2b0a3c8-24dd-4878-9fa9-5ef493f1adf7",
                "secret_permissions": [
                  "Set",
                  "List",
                  "Get",
                  "Delete",
                  "Purge",
                  "Recover"
                ],
                "storage_permissions": null,
                "tenant_id": "cda56a0b-9cfe-4a5d-910d-c3d39058e971"
              }
            ],
            "contact": [],
            "enable_rbac_authorization": false,
            "enabled_for_deployment": false,
            "enabled_for_disk_encryption": false,
            "enabled_for_template_deployment": false,
            "id": "/subscriptions/e11d97b1-1116-4846-adbe-62819df517db/resourceGroups/first/providers/Microsoft.KeyVault/vaults/Panopticnew-kv",
            "location": "eastus",
            "name": "Panopticnew-kv",
            "network_acls": [
              {
                "bypass": "AzureServices",
                "default_action": "Allow",
                "ip_rules": [],
                "virtual_network_subnet_ids": []
              }
            ],
            "public_network_access_enabled": true,
            "purge_protection_enabled": false,
            "resource_group_name": "first",
            "sku_name": "standard",
            "soft_delete_retention_days": 7,
            "tags": null,
            "tenant_id": "cda56a0b-9cfe-4a5d-910d-c3d39058e971",
            "timeouts": null,
            "vault_uri": "https://panopticnew-kv.vault.azure.net/"
          },
          "sensitive_attributes": [],
          "private": "eyJlMmJmYjczMC1lY2FhLTExZTYtOGY4OC0zNDM2M2JjN2M0YzAiOnsiY3JlYXRlIjoxODAwMDAwMDAwMDAwLCJkZWxldGUiOjE4MDAwMDAwMDAwMDAsInJlYWQiOjMwMDAwMDAwMDAwMCwidXBkYXRlIjoxODAwMDAwMDAwMDAwfSwic2NoZW1hX3ZlcnNpb24iOiIyIn0=",
          "dependencies": [
            "azurerm_resource_group.rg1",
            "module.ServicePrincipal.azuread_application.main",
            "module.ServicePrincipal.azuread_service_principal.main",
            "module.ServicePrincipal.azuread_service_principal_password.main",
            "module.ServicePrincipal.data.azuread_client_config.current",
            "module.keyvault.data.azurerm_client_config.current"
          ]
        }
      ]
    }
  ],
  "check_results": null
}
